
Microsoft Visual Studio Solution File, Format Version 12.00
# Visual Studio 15
VisualStudioVersion = 15.0.28010.0
MinimumVisualStudioVersion = 10.0.40219.1
Project("{9A19103F-16F7-4668-BE54-9A1E7A4F7556}") = "Identity", "Identity.csproj", "{B2B74785-3ADF-4FA8-95E3-B9E00E735708}"
EndProject
Global
	GlobalSection(SolutionConfigurationPlatforms) = preSolution
		Debug|Any CPU = Debug|Any CPU
		Release|Any CPU = Release|Any CPU
	EndGlobalSection
	GlobalSection(ProjectConfigurationPlatforms) = postSolution
		{B2B74785-3ADF-4FA8-95E3-B9E00E735708}.Debug|Any CPU.ActiveCfg = Debug|Any CPU
		{B2B74785-3ADF-4FA8-95E3-B9E00E735708}.Debug|Any CPU.Build.0 = Debug|Any CPU
		{B2B74785-3ADF-4FA8-95E3-B9E00E735708}.Release|Any CPU.ActiveCfg = Release|Any CPU
		{B2B74785-3ADF-4FA8-95E3-B9E00E735708}.Release|Any CPU.Build.0 = Release|Any CPU
	EndGlobalSection
	GlobalSection(SolutionProperties) = preSolution
		HideSolutionNode = FALSE
	EndGlobalSection
	GlobalSection(ExtensibilityGlobals) = postSolution
		SolutionGuid = {20659621-47CF-4446-A982-517608355BD9}
	EndGlobalSection
EndGlobal
